
Microsoft Visual Studio Solution File, Format Version 12.00
# Visual Studio Version 16
VisualStudioVersion = 16.0.29409.12
MinimumVisualStudioVersion = 10.0.40219.1
Project("{FAE04EC0-301F-11D3-BF4B-00C04F79EFBC}") = "NewCalculatorApplication", "NewCalculatorApplication\NewCalculatorApplication.csproj", "{1EEDA328-AFCB-4177-9F9A-FEADEBFFB326}"
EndProject
Global
	GlobalSection(SolutionConfigurationPlatforms) = preSolution
		Debug|Any CPU = Debug|Any CPU
		Release|Any CPU = Release|Any CPU
	EndGlobalSection
	GlobalSection(ProjectConfigurationPlatforms) = postSolution
		{1EEDA328-AFCB-4177-9F9A-FEADEBFFB326}.Debug|Any CPU.ActiveCfg = Debug|Any CPU
		{1EEDA328-AFCB-4177-9F9A-FEADEBFFB326}.Debug|Any CPU.Build.0 = Debug|Any CPU
		{1EEDA328-AFCB-4177-9F9A-FEADEBFFB326}.Release|Any CPU.ActiveCfg = Release|Any CPU
		{1EEDA328-AFCB-4177-9F9A-FEADEBFFB326}.Release|Any CPU.Build.0 = Release|Any CPU
	EndGlobalSection
	GlobalSection(SolutionProperties) = preSolution
		HideSolutionNode = FALSE
	EndGlobalSection
	GlobalSection(ExtensibilityGlobals) = postSolution
		SolutionGuid = {158DD99A-F3BD-4387-9C90-2F5B4D66B67D}
	EndGlobalSection
EndGlobal
